
Microsoft Visual Studio Solution File, Format Version 12.00
# Visual Studio Version 16
VisualStudioVersion = 16.0.29418.71
MinimumVisualStudioVersion = 10.0.40219.1
Project("{FAE04EC0-301F-11D3-BF4B-00C04F79EFBC}") = "Kalkylator", "Kalkylator\Kalkylator.csproj", "{B071E2CE-5947-49AE-954E-147624FD7508}"
EndProject
Global
	GlobalSection(SolutionConfigurationPlatforms) = preSolution
		Debug|Any CPU = Debug|Any CPU
		Release|Any CPU = Release|Any CPU
	EndGlobalSection
	GlobalSection(ProjectConfigurationPlatforms) = postSolution
		{B071E2CE-5947-49AE-954E-147624FD7508}.Debug|Any CPU.ActiveCfg = Debug|Any CPU
		{B071E2CE-5947-49AE-954E-147624FD7508}.Debug|Any CPU.Build.0 = Debug|Any CPU
		{B071E2CE-5947-49AE-954E-147624FD7508}.Release|Any CPU.ActiveCfg = Release|Any CPU
		{B071E2CE-5947-49AE-954E-147624FD7508}.Release|Any CPU.Build.0 = Release|Any CPU
	EndGlobalSection
	GlobalSection(SolutionProperties) = preSolution
		HideSolutionNode = FALSE
	EndGlobalSection
	GlobalSection(ExtensibilityGlobals) = postSolution
		SolutionGuid = {2058180E-924E-48BE-B57F-3953B6E09A99}
	EndGlobalSection
EndGlobal
